
Microsoft Visual Studio Solution File, Format Version 12.00
# Visual Studio Version 17
VisualStudioVersion = 17.1.32210.238
MinimumVisualStudioVersion = 10.0.40219.1
Project("{FAE04EC0-301F-11D3-BF4B-00C04F79EFBC}") = "TestActions", "TestActions\TestActions.csproj", "{54D0F24E-58E7-4E25-AFB7-9CAC87DE9037}"
EndProject
Global
	GlobalSection(SolutionConfigurationPlatforms) = preSolution
		Debug|Any CPU = Debug|Any CPU
		Release|Any CPU = Release|Any CPU
	EndGlobalSection
	GlobalSection(ProjectConfigurationPlatforms) = postSolution
		{54D0F24E-58E7-4E25-AFB7-9CAC87DE9037}.Debug|Any CPU.ActiveCfg = Debug|Any CPU
		{54D0F24E-58E7-4E25-AFB7-9CAC87DE9037}.Debug|Any CPU.Build.0 = Debug|Any CPU
		{54D0F24E-58E7-4E25-AFB7-9CAC87DE9037}.Release|Any CPU.ActiveCfg = Release|Any CPU
		{54D0F24E-58E7-4E25-AFB7-9CAC87DE9037}.Release|Any CPU.Build.0 = Release|Any CPU
	EndGlobalSection
	GlobalSection(SolutionProperties) = preSolution
		HideSolutionNode = FALSE
	EndGlobalSection
	GlobalSection(ExtensibilityGlobals) = postSolution
		SolutionGuid = {5E424F1F-9FBE-4638-9B81-4F0C0C8C80E2}
	EndGlobalSection
EndGlobal
